
Microsoft Visual Studio Solution File, Format Version 12.00
# Visual Studio Version 17
VisualStudioVersion = 17.11.35312.102
MinimumVisualStudioVersion = 10.0.40219.1
Project("{FAE04EC0-301F-11D3-BF4B-00C04F79EFBC}") = "assignment2", "assignment2.csproj", "{0E691EB5-1D06-456D-9465-9A02A939F71C}"
EndProject
Global
	GlobalSection(SolutionConfigurationPlatforms) = preSolution
		Debug|Any CPU = Debug|Any CPU
		Release|Any CPU = Release|Any CPU
	EndGlobalSection
	GlobalSection(ProjectConfigurationPlatforms) = postSolution
		{0E691EB5-1D06-456D-9465-9A02A939F71C}.Debug|Any CPU.ActiveCfg = Debug|Any CPU
		{0E691EB5-1D06-456D-9465-9A02A939F71C}.Debug|Any CPU.Build.0 = Debug|Any CPU
		{0E691EB5-1D06-456D-9465-9A02A939F71C}.Release|Any CPU.ActiveCfg = Release|Any CPU
		{0E691EB5-1D06-456D-9465-9A02A939F71C}.Release|Any CPU.Build.0 = Release|Any CPU
	EndGlobalSection
	GlobalSection(SolutionProperties) = preSolution
		HideSolutionNode = FALSE
	EndGlobalSection
	GlobalSection(ExtensibilityGlobals) = postSolution
		SolutionGuid = {2BCC460A-84F3-4293-BFD7-CC6451142830}
	EndGlobalSection
EndGlobal
