
Microsoft Visual Studio Solution File, Format Version 12.00
# Visual Studio Version 17
VisualStudioVersion = 17.11.35327.3
MinimumVisualStudioVersion = 10.0.40219.1
Project("{FAE04EC0-301F-11D3-BF4B-00C04F79EFBC}") = "Assignment_Arrays_Strings", "Assignment_Arrays_Strings.csproj", "{276BAC4D-7BB7-4A45-89CC-CA654EA4A5FE}"
EndProject
Global
	GlobalSection(SolutionConfigurationPlatforms) = preSolution
		Debug|Any CPU = Debug|Any CPU
		Release|Any CPU = Release|Any CPU
	EndGlobalSection
	GlobalSection(ProjectConfigurationPlatforms) = postSolution
		{276BAC4D-7BB7-4A45-89CC-CA654EA4A5FE}.Debug|Any CPU.ActiveCfg = Debug|Any CPU
		{276BAC4D-7BB7-4A45-89CC-CA654EA4A5FE}.Debug|Any CPU.Build.0 = Debug|Any CPU
		{276BAC4D-7BB7-4A45-89CC-CA654EA4A5FE}.Release|Any CPU.ActiveCfg = Release|Any CPU
		{276BAC4D-7BB7-4A45-89CC-CA654EA4A5FE}.Release|Any CPU.Build.0 = Release|Any CPU
	EndGlobalSection
	GlobalSection(SolutionProperties) = preSolution
		HideSolutionNode = FALSE
	EndGlobalSection
	GlobalSection(ExtensibilityGlobals) = postSolution
		SolutionGuid = {1B0F6307-CDC8-4BE9-87CD-7139455B3A18}
	EndGlobalSection
EndGlobal
