
Microsoft Visual Studio Solution File, Format Version 12.00
# Visual Studio Version 17
VisualStudioVersion = 17.11.35327.3
MinimumVisualStudioVersion = 10.0.40219.1
Project("{FAE04EC0-301F-11D3-BF4B-00C04F79EFBC}") = "Assignments_On_Abstract Class_Interface_PartialClass", "Assignments_On_Abstract Class_Interface_PartialClass.csproj", "{F9FD2166-673A-466B-B737-41616BDA96AC}"
EndProject
Global
	GlobalSection(SolutionConfigurationPlatforms) = preSolution
		Debug|Any CPU = Debug|Any CPU
		Release|Any CPU = Release|Any CPU
	EndGlobalSection
	GlobalSection(ProjectConfigurationPlatforms) = postSolution
		{F9FD2166-673A-466B-B737-41616BDA96AC}.Debug|Any CPU.ActiveCfg = Debug|Any CPU
		{F9FD2166-673A-466B-B737-41616BDA96AC}.Debug|Any CPU.Build.0 = Debug|Any CPU
		{F9FD2166-673A-466B-B737-41616BDA96AC}.Release|Any CPU.ActiveCfg = Release|Any CPU
		{F9FD2166-673A-466B-B737-41616BDA96AC}.Release|Any CPU.Build.0 = Release|Any CPU
	EndGlobalSection
	GlobalSection(SolutionProperties) = preSolution
		HideSolutionNode = FALSE
	EndGlobalSection
	GlobalSection(ExtensibilityGlobals) = postSolution
		SolutionGuid = {3D31728F-24EA-496C-8755-967A16B90776}
	EndGlobalSection
EndGlobal
